
Microsoft Visual Studio Solution File, Format Version 12.00
# Visual Studio Version 16
VisualStudioVersion = 16.0.29926.136
MinimumVisualStudioVersion = 10.0.40219.1
Project("{FAE04EC0-301F-11D3-BF4B-00C04F79EFBC}") = "Zadanie10_NumerPESEL", "Zadanie10_NumerPESEL\Zadanie10_NumerPESEL.csproj", "{66F9D437-0F13-402C-BB78-C1293D7ECB2E}"
EndProject
Global
	GlobalSection(SolutionConfigurationPlatforms) = preSolution
		Debug|Any CPU = Debug|Any CPU
		Release|Any CPU = Release|Any CPU
	EndGlobalSection
	GlobalSection(ProjectConfigurationPlatforms) = postSolution
		{66F9D437-0F13-402C-BB78-C1293D7ECB2E}.Debug|Any CPU.ActiveCfg = Debug|Any CPU
		{66F9D437-0F13-402C-BB78-C1293D7ECB2E}.Debug|Any CPU.Build.0 = Debug|Any CPU
		{66F9D437-0F13-402C-BB78-C1293D7ECB2E}.Release|Any CPU.ActiveCfg = Release|Any CPU
		{66F9D437-0F13-402C-BB78-C1293D7ECB2E}.Release|Any CPU.Build.0 = Release|Any CPU
	EndGlobalSection
	GlobalSection(SolutionProperties) = preSolution
		HideSolutionNode = FALSE
	EndGlobalSection
	GlobalSection(ExtensibilityGlobals) = postSolution
		SolutionGuid = {7C76C792-26F4-48F8-8077-1C974A42CDFF}
	EndGlobalSection
EndGlobal
